
Microsoft Visual Studio Solution File, Format Version 12.00
# Visual Studio Version 16
VisualStudioVersion = 16.0.30320.27
MinimumVisualStudioVersion = 10.0.40219.1
Project("{FAE04EC0-301F-11D3-BF4B-00C04F79EFBC}") = "DailyReport", "DailyReport\DailyReport.csproj", "{0EBF3842-DCC5-4470-A0A9-416A75CB1558}"
EndProject
Global
	GlobalSection(SolutionConfigurationPlatforms) = preSolution
		Debug|Any CPU = Debug|Any CPU
		Release|Any CPU = Release|Any CPU
	EndGlobalSection
	GlobalSection(ProjectConfigurationPlatforms) = postSolution
		{0EBF3842-DCC5-4470-A0A9-416A75CB1558}.Debug|Any CPU.ActiveCfg = Debug|Any CPU
		{0EBF3842-DCC5-4470-A0A9-416A75CB1558}.Debug|Any CPU.Build.0 = Debug|Any CPU
		{0EBF3842-DCC5-4470-A0A9-416A75CB1558}.Release|Any CPU.ActiveCfg = Release|Any CPU
		{0EBF3842-DCC5-4470-A0A9-416A75CB1558}.Release|Any CPU.Build.0 = Release|Any CPU
	EndGlobalSection
	GlobalSection(SolutionProperties) = preSolution
		HideSolutionNode = FALSE
	EndGlobalSection
	GlobalSection(ExtensibilityGlobals) = postSolution
		SolutionGuid = {0CD8A2E2-443D-4376-BC91-3694833C62F9}
	EndGlobalSection
EndGlobal
