
Microsoft Visual Studio Solution File, Format Version 12.00
# Visual Studio Version 16
VisualStudioVersion = 16.0.30320.27
MinimumVisualStudioVersion = 10.0.40219.1
Project("{FAE04EC0-301F-11D3-BF4B-00C04F79EFBC}") = "StringsFunctions.Program", "StringsFunctions.Program\StringsFunctions.Program.csproj", "{B0269DB1-9FE9-4044-86A9-5F1F52AB64AB}"
EndProject
Global
	GlobalSection(SolutionConfigurationPlatforms) = preSolution
		Debug|Any CPU = Debug|Any CPU
		Release|Any CPU = Release|Any CPU
	EndGlobalSection
	GlobalSection(ProjectConfigurationPlatforms) = postSolution
		{B0269DB1-9FE9-4044-86A9-5F1F52AB64AB}.Debug|Any CPU.ActiveCfg = Debug|Any CPU
		{B0269DB1-9FE9-4044-86A9-5F1F52AB64AB}.Debug|Any CPU.Build.0 = Debug|Any CPU
		{B0269DB1-9FE9-4044-86A9-5F1F52AB64AB}.Release|Any CPU.ActiveCfg = Release|Any CPU
		{B0269DB1-9FE9-4044-86A9-5F1F52AB64AB}.Release|Any CPU.Build.0 = Release|Any CPU
	EndGlobalSection
	GlobalSection(SolutionProperties) = preSolution
		HideSolutionNode = FALSE
	EndGlobalSection
	GlobalSection(ExtensibilityGlobals) = postSolution
		SolutionGuid = {31CDEA80-9BC4-4AD5-BB65-4994F610457F}
	EndGlobalSection
EndGlobal
