
Microsoft Visual Studio Solution File, Format Version 12.00
# Visual Studio Version 16
VisualStudioVersion = 16.0.30320.27
MinimumVisualStudioVersion = 10.0.40219.1
Project("{FAE04EC0-301F-11D3-BF4B-00C04F79EFBC}") = "AssignmentVoidMethod", "AssignmentVoidMethod\AssignmentVoidMethod.csproj", "{2BEFF8E6-0C2E-4DA4-BD68-12E756EC979A}"
EndProject
Global
	GlobalSection(SolutionConfigurationPlatforms) = preSolution
		Debug|Any CPU = Debug|Any CPU
		Release|Any CPU = Release|Any CPU
	EndGlobalSection
	GlobalSection(ProjectConfigurationPlatforms) = postSolution
		{2BEFF8E6-0C2E-4DA4-BD68-12E756EC979A}.Debug|Any CPU.ActiveCfg = Debug|Any CPU
		{2BEFF8E6-0C2E-4DA4-BD68-12E756EC979A}.Debug|Any CPU.Build.0 = Debug|Any CPU
		{2BEFF8E6-0C2E-4DA4-BD68-12E756EC979A}.Release|Any CPU.ActiveCfg = Release|Any CPU
		{2BEFF8E6-0C2E-4DA4-BD68-12E756EC979A}.Release|Any CPU.Build.0 = Release|Any CPU
	EndGlobalSection
	GlobalSection(SolutionProperties) = preSolution
		HideSolutionNode = FALSE
	EndGlobalSection
	GlobalSection(ExtensibilityGlobals) = postSolution
		SolutionGuid = {7BDA379F-EE3B-4B10-BF73-9E007ED2BE22}
	EndGlobalSection
EndGlobal
