
Microsoft Visual Studio Solution File, Format Version 12.00
# Visual Studio Version 16
VisualStudioVersion = 16.0.30320.27
MinimumVisualStudioVersion = 10.0.40219.1
Project("{FAE04EC0-301F-11D3-BF4B-00C04F79EFBC}") = "practicing dateTime", "practicing dateTime\practicing dateTime.csproj", "{62D65A48-A208-47C8-9332-3A13FEC23537}"
EndProject
Global
	GlobalSection(SolutionConfigurationPlatforms) = preSolution
		Debug|Any CPU = Debug|Any CPU
		Release|Any CPU = Release|Any CPU
	EndGlobalSection
	GlobalSection(ProjectConfigurationPlatforms) = postSolution
		{62D65A48-A208-47C8-9332-3A13FEC23537}.Debug|Any CPU.ActiveCfg = Debug|Any CPU
		{62D65A48-A208-47C8-9332-3A13FEC23537}.Debug|Any CPU.Build.0 = Debug|Any CPU
		{62D65A48-A208-47C8-9332-3A13FEC23537}.Release|Any CPU.ActiveCfg = Release|Any CPU
		{62D65A48-A208-47C8-9332-3A13FEC23537}.Release|Any CPU.Build.0 = Release|Any CPU
	EndGlobalSection
	GlobalSection(SolutionProperties) = preSolution
		HideSolutionNode = FALSE
	EndGlobalSection
	GlobalSection(ExtensibilityGlobals) = postSolution
		SolutionGuid = {38BF5DD3-9A35-43D3-B489-9F75E9BBFE0B}
	EndGlobalSection
EndGlobal
