
Microsoft Visual Studio Solution File, Format Version 12.00
# Visual Studio Version 16
VisualStudioVersion = 16.0.30320.27
MinimumVisualStudioVersion = 10.0.40219.1
Project("{FAE04EC0-301F-11D3-BF4B-00C04F79EFBC}") = "Shipping_Quotes_ConsoleApp", "Shipping_Quotes_ConsoleApp\Shipping_Quotes_ConsoleApp.csproj", "{3FD45354-110E-4E68-AB0D-C7B374ABEBA0}"
EndProject
Global
	GlobalSection(SolutionConfigurationPlatforms) = preSolution
		Debug|Any CPU = Debug|Any CPU
		Release|Any CPU = Release|Any CPU
	EndGlobalSection
	GlobalSection(ProjectConfigurationPlatforms) = postSolution
		{3FD45354-110E-4E68-AB0D-C7B374ABEBA0}.Debug|Any CPU.ActiveCfg = Debug|Any CPU
		{3FD45354-110E-4E68-AB0D-C7B374ABEBA0}.Debug|Any CPU.Build.0 = Debug|Any CPU
		{3FD45354-110E-4E68-AB0D-C7B374ABEBA0}.Release|Any CPU.ActiveCfg = Release|Any CPU
		{3FD45354-110E-4E68-AB0D-C7B374ABEBA0}.Release|Any CPU.Build.0 = Release|Any CPU
	EndGlobalSection
	GlobalSection(SolutionProperties) = preSolution
		HideSolutionNode = FALSE
	EndGlobalSection
	GlobalSection(ExtensibilityGlobals) = postSolution
		SolutionGuid = {CBD267C3-3D0D-4FAC-9AD1-8B1368C12599}
	EndGlobalSection
EndGlobal
