
Microsoft Visual Studio Solution File, Format Version 12.00
# Visual Studio Version 16
VisualStudioVersion = 16.0.30320.27
MinimumVisualStudioVersion = 10.0.40219.1
Project("{FAE04EC0-301F-11D3-BF4B-00C04F79EFBC}") = "MathAndComparisonOperators", "MathAndComparisonOperators\MathAndComparisonOperators.csproj", "{37B6B6CB-94A4-4AA1-8784-7C4884608C3D}"
EndProject
Global
	GlobalSection(SolutionConfigurationPlatforms) = preSolution
		Debug|Any CPU = Debug|Any CPU
		Release|Any CPU = Release|Any CPU
	EndGlobalSection
	GlobalSection(ProjectConfigurationPlatforms) = postSolution
		{37B6B6CB-94A4-4AA1-8784-7C4884608C3D}.Debug|Any CPU.ActiveCfg = Debug|Any CPU
		{37B6B6CB-94A4-4AA1-8784-7C4884608C3D}.Debug|Any CPU.Build.0 = Debug|Any CPU
		{37B6B6CB-94A4-4AA1-8784-7C4884608C3D}.Release|Any CPU.ActiveCfg = Release|Any CPU
		{37B6B6CB-94A4-4AA1-8784-7C4884608C3D}.Release|Any CPU.Build.0 = Release|Any CPU
	EndGlobalSection
	GlobalSection(SolutionProperties) = preSolution
		HideSolutionNode = FALSE
	EndGlobalSection
	GlobalSection(ExtensibilityGlobals) = postSolution
		SolutionGuid = {D088534E-C4D2-4390-9CC7-46D72BB2E650}
	EndGlobalSection
EndGlobal
