
Microsoft Visual Studio Solution File, Format Version 12.00
# Visual Studio Version 16
VisualStudioVersion = 16.0.30320.27
MinimumVisualStudioVersion = 10.0.40219.1
Project("{FAE04EC0-301F-11D3-BF4B-00C04F79EFBC}") = "ElevenPartAssignmentCSharp", "ElevenPartAssignmentCSharp\ElevenPartAssignmentCSharp.csproj", "{EF9BDA4D-9528-435C-AADA-DC0946A33146}"
EndProject
Global
	GlobalSection(SolutionConfigurationPlatforms) = preSolution
		Debug|Any CPU = Debug|Any CPU
		Release|Any CPU = Release|Any CPU
	EndGlobalSection
	GlobalSection(ProjectConfigurationPlatforms) = postSolution
		{EF9BDA4D-9528-435C-AADA-DC0946A33146}.Debug|Any CPU.ActiveCfg = Debug|Any CPU
		{EF9BDA4D-9528-435C-AADA-DC0946A33146}.Debug|Any CPU.Build.0 = Debug|Any CPU
		{EF9BDA4D-9528-435C-AADA-DC0946A33146}.Release|Any CPU.ActiveCfg = Release|Any CPU
		{EF9BDA4D-9528-435C-AADA-DC0946A33146}.Release|Any CPU.Build.0 = Release|Any CPU
	EndGlobalSection
	GlobalSection(SolutionProperties) = preSolution
		HideSolutionNode = FALSE
	EndGlobalSection
	GlobalSection(ExtensibilityGlobals) = postSolution
		SolutionGuid = {B49307EA-F129-4486-95D9-58A59F65577E}
	EndGlobalSection
EndGlobal
