
Microsoft Visual Studio Solution File, Format Version 12.00
# Visual Studio Version 16
VisualStudioVersion = 16.0.30320.27
MinimumVisualStudioVersion = 10.0.40219.1
Project("{FAE04EC0-301F-11D3-BF4B-00C04F79EFBC}") = "WhileStatements", "WhileStatements\WhileStatements.csproj", "{42385A27-E5B2-4D97-9302-61B6B23F3DB4}"
EndProject
Global
	GlobalSection(SolutionConfigurationPlatforms) = preSolution
		Debug|Any CPU = Debug|Any CPU
		Release|Any CPU = Release|Any CPU
	EndGlobalSection
	GlobalSection(ProjectConfigurationPlatforms) = postSolution
		{42385A27-E5B2-4D97-9302-61B6B23F3DB4}.Debug|Any CPU.ActiveCfg = Debug|Any CPU
		{42385A27-E5B2-4D97-9302-61B6B23F3DB4}.Debug|Any CPU.Build.0 = Debug|Any CPU
		{42385A27-E5B2-4D97-9302-61B6B23F3DB4}.Release|Any CPU.ActiveCfg = Release|Any CPU
		{42385A27-E5B2-4D97-9302-61B6B23F3DB4}.Release|Any CPU.Build.0 = Release|Any CPU
	EndGlobalSection
	GlobalSection(SolutionProperties) = preSolution
		HideSolutionNode = FALSE
	EndGlobalSection
	GlobalSection(ExtensibilityGlobals) = postSolution
		SolutionGuid = {DF694369-8275-498A-AF2B-59619A1E0D52}
	EndGlobalSection
EndGlobal
