
Microsoft Visual Studio Solution File, Format Version 12.00
# Visual Studio Version 16
VisualStudioVersion = 16.0.30320.27
MinimumVisualStudioVersion = 10.0.40219.1
Project("{FAE04EC0-301F-11D3-BF4B-00C04F79EFBC}") = "AssignmentFirstClassMethods", "AssignmentFirstClassMethods\AssignmentFirstClassMethods.csproj", "{A2935436-AE44-4E73-8AC6-080560AE816D}"
EndProject
Global
	GlobalSection(SolutionConfigurationPlatforms) = preSolution
		Debug|Any CPU = Debug|Any CPU
		Release|Any CPU = Release|Any CPU
	EndGlobalSection
	GlobalSection(ProjectConfigurationPlatforms) = postSolution
		{A2935436-AE44-4E73-8AC6-080560AE816D}.Debug|Any CPU.ActiveCfg = Debug|Any CPU
		{A2935436-AE44-4E73-8AC6-080560AE816D}.Debug|Any CPU.Build.0 = Debug|Any CPU
		{A2935436-AE44-4E73-8AC6-080560AE816D}.Release|Any CPU.ActiveCfg = Release|Any CPU
		{A2935436-AE44-4E73-8AC6-080560AE816D}.Release|Any CPU.Build.0 = Release|Any CPU
	EndGlobalSection
	GlobalSection(SolutionProperties) = preSolution
		HideSolutionNode = FALSE
	EndGlobalSection
	GlobalSection(ExtensibilityGlobals) = postSolution
		SolutionGuid = {BBA0775C-E3CA-45FF-9A47-D225D3F2502E}
	EndGlobalSection
EndGlobal
