
Microsoft Visual Studio Solution File, Format Version 12.00
# Visual Studio Version 16
VisualStudioVersion = 16.0.30320.27
MinimumVisualStudioVersion = 10.0.40219.1
Project("{FAE04EC0-301F-11D3-BF4B-00C04F79EFBC}") = "IterationProgram", "IterationProgram\IterationProgram.csproj", "{3310B7F4-C3A0-424F-B8BE-BFBCA95F01AB}"
EndProject
Global
	GlobalSection(SolutionConfigurationPlatforms) = preSolution
		Debug|Any CPU = Debug|Any CPU
		Release|Any CPU = Release|Any CPU
	EndGlobalSection
	GlobalSection(ProjectConfigurationPlatforms) = postSolution
		{3310B7F4-C3A0-424F-B8BE-BFBCA95F01AB}.Debug|Any CPU.ActiveCfg = Debug|Any CPU
		{3310B7F4-C3A0-424F-B8BE-BFBCA95F01AB}.Debug|Any CPU.Build.0 = Debug|Any CPU
		{3310B7F4-C3A0-424F-B8BE-BFBCA95F01AB}.Release|Any CPU.ActiveCfg = Release|Any CPU
		{3310B7F4-C3A0-424F-B8BE-BFBCA95F01AB}.Release|Any CPU.Build.0 = Release|Any CPU
	EndGlobalSection
	GlobalSection(SolutionProperties) = preSolution
		HideSolutionNode = FALSE
	EndGlobalSection
	GlobalSection(ExtensibilityGlobals) = postSolution
		SolutionGuid = {C573E120-9C28-41BE-B288-9ED484450A59}
	EndGlobalSection
EndGlobal
